// !$*UTF8*$!
{
	archiveVersion = 1;
	classes = {
	};
	objectVersion = 55;
	objects = {

/* Begin PBXBuildFile section */
		454F7EA1D227C3E1D3B5A682 /* libPods-HXSelectTool.a in Frameworks */ = {isa = PBXBuildFile; fileRef = F829AC35C4E533E1CDE3E945 /* libPods-HXSelectTool.a */; };
		FD3B6EFA2798076800A1A955 /* AppDelegate.m in Sources */ = {isa = PBXBuildFile; fileRef = FD3B6EF92798076800A1A955 /* AppDelegate.m */; };
		FD3B6EFD2798076800A1A955 /* SceneDelegate.m in Sources */ = {isa = PBXBuildFile; fileRef = FD3B6EFC2798076800A1A955 /* SceneDelegate.m */; };
		FD3B6F002798076800A1A955 /* ViewController.m in Sources */ = {isa = PBXBuildFile; fileRef = FD3B6EFF2798076800A1A955 /* ViewController.m */; };
		FD3B6F032798076800A1A955 /* Main.storyboard in Resources */ = {isa = PBXBuildFile; fileRef = FD3B6F012798076800A1A955 /* Main.storyboard */; };
		FD3B6F052798076900A1A955 /* Assets.xcassets in Resources */ = {isa = PBXBuildFile; fileRef = FD3B6F042798076900A1A955 /* Assets.xcassets */; };
		FD3B6F082798076900A1A955 /* LaunchScreen.storyboard in Resources */ = {isa = PBXBuildFile; fileRef = FD3B6F062798076900A1A955 /* LaunchScreen.storyboard */; };
		FD3B6F0B2798076900A1A955 /* main.m in Sources */ = {isa = PBXBuildFile; fileRef = FD3B6F0A2798076900A1A955 /* main.m */; };
		FD3B6F152798076900A1A955 /* HXSelectToolTests.m in Sources */ = {isa = PBXBuildFile; fileRef = FD3B6F142798076900A1A955 /* HXSelectToolTests.m */; };
		FD3B6F1F2798076900A1A955 /* HXSelectToolUITests.m in Sources */ = {isa = PBXBuildFile; fileRef = FD3B6F1E2798076900A1A955 /* HXSelectToolUITests.m */; };
		FD3B6F212798076900A1A955 /* HXSelectToolUITestsLaunchTests.m in Sources */ = {isa = PBXBuildFile; fileRef = FD3B6F202798076900A1A955 /* HXSelectToolUITestsLaunchTests.m */; };
		FD3B6F30279807B400A1A955 /* HXSelectTool.m in Sources */ = {isa = PBXBuildFile; fileRef = FD3B6F2E279807B400A1A955 /* HXSelectTool.m */; };
/* End PBXBuildFile section */

/* Begin PBXContainerItemProxy section */
		FD3B6F112798076900A1A955 /* PBXContainerItemProxy */ = {
			isa = PBXContainerItemProxy;
			containerPortal = FD3B6EED2798076800A1A955 /* Project object */;
			proxyType = 1;
			remoteGlobalIDString = FD3B6EF42798076800A1A955;
			remoteInfo = HXSelectTool;
		};
		FD3B6F1B2798076900A1A955 /* PBXContainerItemProxy */ = {
			isa = PBXContainerItemProxy;
			containerPortal = FD3B6EED2798076800A1A955 /* Project object */;
			proxyType = 1;
			remoteGlobalIDString = FD3B6EF42798076800A1A955;
			remoteInfo = HXSelectTool;
		};
/* End PBXContainerItemProxy section */

/* Begin PBXFileReference section */
		F4F6E1765A67477B59F6BF33 /* Pods-HXSelectTool.release.xcconfig */ = {isa = PBXFileReference; includeInIndex = 1; lastKnownFileType = text.xcconfig; name = "Pods-HXSelectTool.release.xcconfig"; path = "Target Support Files/Pods-HXSelectTool/Pods-HXSelectTool.release.xcconfig"; sourceTree = "<group>"; };
		F829AC35C4E533E1CDE3E945 /* libPods-HXSelectTool.a */ = {isa = PBXFileReference; explicitFileType = archive.ar; includeInIndex = 0; path = "libPods-HXSelectTool.a"; sourceTree = BUILT_PRODUCTS_DIR; };
		FD3B6EF52798076800A1A955 /* HXSelectTool.app */ = {isa = PBXFileReference; explicitFileType = wrapper.application; includeInIndex = 0; path = HXSelectTool.app; sourceTree = BUILT_PRODUCTS_DIR; };
		FD3B6EF82798076800A1A955 /* AppDelegate.h */ = {isa = PBXFileReference; lastKnownFileType = sourcecode.c.h; path = AppDelegate.h; sourceTree = "<group>"; };
		FD3B6EF92798076800A1A955 /* AppDelegate.m */ = {isa = PBXFileReference; lastKnownFileType = sourcecode.c.objc; path = AppDelegate.m; sourceTree = "<group>"; };
		FD3B6EFB2798076800A1A955 /* SceneDelegate.h */ = {isa = PBXFileReference; lastKnownFileType = sourcecode.c.h; path = SceneDelegate.h; sourceTree = "<group>"; };
		FD3B6EFC2798076800A1A955 /* SceneDelegate.m */ = {isa = PBXFileReference; lastKnownFileType = sourcecode.c.objc; path = SceneDelegate.m; sourceTree = "<group>"; };
		FD3B6EFE2798076800A1A955 /* ViewController.h */ = {isa = PBXFileReference; lastKnownFileType = sourcecode.c.h; path = ViewController.h; sourceTree = "<group>"; };
		FD3B6EFF2798076800A1A955 /* ViewController.m */ = {isa = PBXFileReference; lastKnownFileType = sourcecode.c.objc; path = ViewController.m; sourceTree = "<group>"; };
		FD3B6F022798076800A1A955 /* Base */ = {isa = PBXFileReference; lastKnownFileType = file.storyboard; name = Base; path = Base.lproj/Main.storyboard; sourceTree = "<group>"; };
		FD3B6F042798076900A1A955 /* Assets.xcassets */ = {isa = PBXFileReference; lastKnownFileType = folder.assetcatalog; path = Assets.xcassets; sourceTree = "<group>"; };
		FD3B6F072798076900A1A955 /* Base */ = {isa = PBXFileReference; lastKnownFileType = file.storyboard; name = Base; path = Base.lproj/LaunchScreen.storyboard; sourceTree = "<group>"; };
		FD3B6F092798076900A1A955 /* Info.plist */ = {isa = PBXFileReference; lastKnownFileType = text.plist.xml; path = Info.plist; sourceTree = "<group>"; };
		FD3B6F0A2798076900A1A955 /* main.m */ = {isa = PBXFileReference; lastKnownFileType = sourcecode.c.objc; path = main.m; sourceTree = "<group>"; };
		FD3B6F102798076900A1A955 /* HXSelectToolTests.xctest */ = {isa = PBXFileReference; explicitFileType = wrapper.cfbundle; includeInIndex = 0; path = HXSelectToolTests.xctest; sourceTree = BUILT_PRODUCTS_DIR; };
		FD3B6F142798076900A1A955 /* HXSelectToolTests.m */ = {isa = PBXFileReference; lastKnownFileType = sourcecode.c.objc; path = HXSelectToolTests.m; sourceTree = "<group>"; };
		FD3B6F1A2798076900A1A955 /* HXSelectToolUITests.xctest */ = {isa = PBXFileReference; explicitFileType = wrapper.cfbundle; includeInIndex = 0; path = HXSelectToolUITests.xctest; sourceTree = BUILT_PRODUCTS_DIR; };
		FD3B6F1E2798076900A1A955 /* HXSelectToolUITests.m */ = {isa = PBXFileReference; lastKnownFileType = sourcecode.c.objc; path = HXSelectToolUITests.m; sourceTree = "<group>"; };
		FD3B6F202798076900A1A955 /* HXSelectToolUITestsLaunchTests.m */ = {isa = PBXFileReference; lastKnownFileType = sourcecode.c.objc; path = HXSelectToolUITestsLaunchTests.m; sourceTree = "<group>"; };
		FD3B6F2E279807B400A1A955 /* HXSelectTool.m */ = {isa = PBXFileReference; fileEncoding = 4; lastKnownFileType = sourcecode.c.objc; path = HXSelectTool.m; sourceTree = "<group>"; };
		FD3B6F2F279807B400A1A955 /* HXSelectTool.h */ = {isa = PBXFileReference; fileEncoding = 4; lastKnownFileType = sourcecode.c.h; path = HXSelectTool.h; sourceTree = "<group>"; };
		FED8DD1F8E48472E18189348 /* Pods-HXSelectTool.debug.xcconfig */ = {isa = PBXFileReference; includeInIndex = 1; lastKnownFileType = text.xcconfig; name = "Pods-HXSelectTool.debug.xcconfig"; path = "Target Support Files/Pods-HXSelectTool/Pods-HXSelectTool.debug.xcconfig"; sourceTree = "<group>"; };
/* End PBXFileReference section */

/* Begin PBXFrameworksBuildPhase section */
		FD3B6EF22798076800A1A955 /* Frameworks */ = {
			isa = PBXFrameworksBuildPhase;
			buildActionMask = 2147483647;
			files = (
				454F7EA1D227C3E1D3B5A682 /* libPods-HXSelectTool.a in Frameworks */,
			);
			runOnlyForDeploymentPostprocessing = 0;
		};
		FD3B6F0D2798076900A1A955 /* Frameworks */ = {
			isa = PBXFrameworksBuildPhase;
			buildActionMask = 2147483647;
			files = (
			);
			runOnlyForDeploymentPostprocessing = 0;
		};
		FD3B6F172798076900A1A955 /* Frameworks */ = {
			isa = PBXFrameworksBuildPhase;
			buildActionMask = 2147483647;
			files = (
			);
			runOnlyForDeploymentPostprocessing = 0;
		};
/* End PBXFrameworksBuildPhase section */

/* Begin PBXGroup section */
		5ECCADA7E3326F505907A0B0 /* Pods */ = {
			isa = PBXGroup;
			children = (
				FED8DD1F8E48472E18189348 /* Pods-HXSelectTool.debug.xcconfig */,
				F4F6E1765A67477B59F6BF33 /* Pods-HXSelectTool.release.xcconfig */,
			);
			path = Pods;
			sourceTree = "<group>";
		};
		8101CBF7C5FB6D61BAE97ED9 /* Frameworks */ = {
			isa = PBXGroup;
			children = (
				F829AC35C4E533E1CDE3E945 /* libPods-HXSelectTool.a */,
			);
			name = Frameworks;
			sourceTree = "<group>";
		};
		FD3B6EEC2798076800A1A955 = {
			isa = PBXGroup;
			children = (
				FD3B6F2D2798079000A1A955 /* Classes */,
				FD3B6EF72798076800A1A955 /* HXSelectTool */,
				FD3B6F132798076900A1A955 /* HXSelectToolTests */,
				FD3B6F1D2798076900A1A955 /* HXSelectToolUITests */,
				FD3B6EF62798076800A1A955 /* Products */,
				5ECCADA7E3326F505907A0B0 /* Pods */,
				8101CBF7C5FB6D61BAE97ED9 /* Frameworks */,
			);
			sourceTree = "<group>";
		};
		FD3B6EF62798076800A1A955 /* Products */ = {
			isa = PBXGroup;
			children = (
				FD3B6EF52798076800A1A955 /* HXSelectTool.app */,
				FD3B6F102798076900A1A955 /* HXSelectToolTests.xctest */,
				FD3B6F1A2798076900A1A955 /* HXSelectToolUITests.xctest */,
			);
			name = Products;
			sourceTree = "<group>";
		};
		FD3B6EF72798076800A1A955 /* HXSelectTool */ = {
			isa = PBXGroup;
			children = (
				FD3B6EF82798076800A1A955 /* AppDelegate.h */,
				FD3B6EF92798076800A1A955 /* AppDelegate.m */,
				FD3B6EFB2798076800A1A955 /* SceneDelegate.h */,
				FD3B6EFC2798076800A1A955 /* SceneDelegate.m */,
				FD3B6EFE2798076800A1A955 /* ViewController.h */,
				FD3B6EFF2798076800A1A955 /* ViewController.m */,
				FD3B6F012798076800A1A955 /* Main.storyboard */,
				FD3B6F042798076900A1A955 /* Assets.xcassets */,
				FD3B6F062798076900A1A955 /* LaunchScreen.storyboard */,
				FD3B6F092798076900A1A955 /* Info.plist */,
				FD3B6F0A2798076900A1A955 /* main.m */,
			);
			path = HXSelectTool;
			sourceTree = "<group>";
		};
		FD3B6F132798076900A1A955 /* HXSelectToolTests */ = {
			isa = PBXGroup;
			children = (
				FD3B6F142798076900A1A955 /* HXSelectToolTests.m */,
			);
			path = HXSelectToolTests;
			sourceTree = "<group>";
		};
		FD3B6F1D2798076900A1A955 /* HXSelectToolUITests */ = {
			isa = PBXGroup;
			children = (
				FD3B6F1E2798076900A1A955 /* HXSelectToolUITests.m */,
				FD3B6F202798076900A1A955 /* HXSelectToolUITestsLaunchTests.m */,
			);
			path = HXSelectToolUITests;
			sourceTree = "<group>";
		};
		FD3B6F2D2798079000A1A955 /* Classes */ = {
			isa = PBXGroup;
			children = (
				FD3B6F2F279807B400A1A955 /* HXSelectTool.h */,
				FD3B6F2E279807B400A1A955 /* HXSelectTool.m */,
			);
			path = Classes;
			sourceTree = "<group>";
		};
/* End PBXGroup section */

/* Begin PBXNativeTarget section */
		FD3B6EF42798076800A1A955 /* HXSelectTool */ = {
			isa = PBXNativeTarget;
			buildConfigurationList = FD3B6F242798076900A1A955 /* Build configuration list for PBXNativeTarget "HXSelectTool" */;
			buildPhases = (
				713E54605F7A2F47C099E7CC /* [CP] Check Pods Manifest.lock */,
				FD3B6EF12798076800A1A955 /* Sources */,
				FD3B6EF22798076800A1A955 /* Frameworks */,
				FD3B6EF32798076800A1A955 /* Resources */,
				B4B865AA97CBCA5ED7C4C26F /* [CP] Copy Pods Resources */,
			);
			buildRules = (
			);
			dependencies = (
			);
			name = HXSelectTool;
			productName = HXSelectTool;
			productReference = FD3B6EF52798076800A1A955 /* HXSelectTool.app */;
			productType = "com.apple.product-type.application";
		};
		FD3B6F0F2798076900A1A955 /* HXSelectToolTests */ = {
			isa = PBXNativeTarget;
			buildConfigurationList = FD3B6F272798076900A1A955 /* Build configuration list for PBXNativeTarget "HXSelectToolTests" */;
			buildPhases = (
				FD3B6F0C2798076900A1A955 /* Sources */,
				FD3B6F0D2798076900A1A955 /* Frameworks */,
				FD3B6F0E2798076900A1A955 /* Resources */,
			);
			buildRules = (
			);
			dependencies = (
				FD3B6F122798076900A1A955 /* PBXTargetDependency */,
			);
			name = HXSelectToolTests;
			productName = HXSelectToolTests;
			productReference = FD3B6F102798076900A1A955 /* HXSelectToolTests.xctest */;
			productType = "com.apple.product-type.bundle.unit-test";
		};
		FD3B6F192798076900A1A955 /* HXSelectToolUITests */ = {
			isa = PBXNativeTarget;
			buildConfigurationList = FD3B6F2A2798076900A1A955 /* Build configuration list for PBXNativeTarget "HXSelectToolUITests" */;
			buildPhases = (
				FD3B6F162798076900A1A955 /* Sources */,
				FD3B6F172798076900A1A955 /* Frameworks */,
				FD3B6F182798076900A1A955 /* Resources */,
			);
			buildRules = (
			);
			dependencies = (
				FD3B6F1C2798076900A1A955 /* PBXTargetDependency */,
			);
			name = HXSelectToolUITests;
			productName = HXSelectToolUITests;
			productReference = FD3B6F1A2798076900A1A955 /* HXSelectToolUITests.xctest */;
			productType = "com.apple.product-type.bundle.ui-testing";
		};
/* End PBXNativeTarget section */

/* Begin PBXProject section */
		FD3B6EED2798076800A1A955 /* Project object */ = {
			isa = PBXProject;
			attributes = {
				BuildIndependentTargetsInParallel = 1;
				LastUpgradeCheck = 1310;
				TargetAttributes = {
					FD3B6EF42798076800A1A955 = {
						CreatedOnToolsVersion = 13.1;
					};
					FD3B6F0F2798076900A1A955 = {
						CreatedOnToolsVersion = 13.1;
						TestTargetID = FD3B6EF42798076800A1A955;
					};
					FD3B6F192798076900A1A955 = {
						CreatedOnToolsVersion = 13.1;
						TestTargetID = FD3B6EF42798076800A1A955;
					};
				};
			};
			buildConfigurationList = FD3B6EF02798076800A1A955 /* Build configuration list for PBXProject "HXSelectTool" */;
			compatibilityVersion = "Xcode 13.0";
			developmentRegion = en;
			hasScannedForEncodings = 0;
			knownRegions = (
				en,
				Base,
			);
			mainGroup = FD3B6EEC2798076800A1A955;
			productRefGroup = FD3B6EF62798076800A1A955 /* Products */;
			projectDirPath = "";
			projectRoot = "";
			targets = (
				FD3B6EF42798076800A1A955 /* HXSelectTool */,
				FD3B6F0F2798076900A1A955 /* HXSelectToolTests */,
				FD3B6F192798076900A1A955 /* HXSelectToolUITests */,
			);
		};
/* End PBXProject section */

/* Begin PBXResourcesBuildPhase section */
		FD3B6EF32798076800A1A955 /* Resources */ = {
			isa = PBXResourcesBuildPhase;
			buildActionMask = 2147483647;
			files = (
				FD3B6F082798076900A1A955 /* LaunchScreen.storyboard in Resources */,
				FD3B6F052798076900A1A955 /* Assets.xcassets in Resources */,
				FD3B6F032798076800A1A955 /* Main.storyboard in Resources */,
			);
			runOnlyForDeploymentPostprocessing = 0;
		};
		FD3B6F0E2798076900A1A955 /* Resources */ = {
			isa = PBXResourcesBuildPhase;
			buildActionMask = 2147483647;
			files = (
			);
			runOnlyForDeploymentPostprocessing = 0;
		};
		FD3B6F182798076900A1A955 /* Resources */ = {
			isa = PBXResourcesBuildPhase;
			buildActionMask = 2147483647;
			files = (
			);
			runOnlyForDeploymentPostprocessing = 0;
		};
/* End PBXResourcesBuildPhase section */

/* Begin PBXShellScriptBuildPhase section */
		713E54605F7A2F47C099E7CC /* [CP] Check Pods Manifest.lock */ = {
			isa = PBXShellScriptBuildPhase;
			buildActionMask = 2147483647;
			files = (
			);
			inputFileListPaths = (
			);
			inputPaths = (
				"${PODS_PODFILE_DIR_PATH}/Podfile.lock",
				"${PODS_ROOT}/Manifest.lock",
			);
			name = "[CP] Check Pods Manifest.lock";
			outputFileListPaths = (
			);
			outputPaths = (
				"$(DERIVED_FILE_DIR)/Pods-HXSelectTool-checkManifestLockResult.txt",
			);
			runOnlyForDeploymentPostprocessing = 0;
			shellPath = /bin/sh;
			shellScript = "diff \"${PODS_PODFILE_DIR_PATH}/Podfile.lock\" \"${PODS_ROOT}/Manifest.lock\" > /dev/null\nif [ $? != 0 ] ; then\n    # print error to STDERR\n    echo \"error: The sandbox is not in sync with the Podfile.lock. Run 'pod install' or update your CocoaPods installation.\" >&2\n    exit 1\nfi\n# This output is used by Xcode 'outputs' to avoid re-running this script phase.\necho \"SUCCESS\" > \"${SCRIPT_OUTPUT_FILE_0}\"\n";
			showEnvVarsInLog = 0;
		};
		B4B865AA97CBCA5ED7C4C26F /* [CP] Copy Pods Resources */ = {
			isa = PBXShellScriptBuildPhase;
			buildActionMask = 2147483647;
			files = (
			);
			inputFileListPaths = (
				"${PODS_ROOT}/Target Support Files/Pods-HXSelectTool/Pods-HXSelectTool-resources-${CONFIGURATION}-input-files.xcfilelist",
			);
			name = "[CP] Copy Pods Resources";
			outputFileListPaths = (
				"${PODS_ROOT}/Target Support Files/Pods-HXSelectTool/Pods-HXSelectTool-resources-${CONFIGURATION}-output-files.xcfilelist",
			);
			runOnlyForDeploymentPostprocessing = 0;
			shellPath = /bin/sh;
			shellScript = "\"${PODS_ROOT}/Target Support Files/Pods-HXSelectTool/Pods-HXSelectTool-resources.sh\"\n";
			showEnvVarsInLog = 0;
		};
/* End PBXShellScriptBuildPhase section */

/* Begin PBXSourcesBuildPhase section */
		FD3B6EF12798076800A1A955 /* Sources */ = {
			isa = PBXSourcesBuildPhase;
			buildActionMask = 2147483647;
			files = (
				FD3B6F002798076800A1A955 /* ViewController.m in Sources */,
				FD3B6EFA2798076800A1A955 /* AppDelegate.m in Sources */,
				FD3B6F0B2798076900A1A955 /* main.m in Sources */,
				FD3B6EFD2798076800A1A955 /* SceneDelegate.m in Sources */,
				FD3B6F30279807B400A1A955 /* HXSelectTool.m in Sources */,
			);
			runOnlyForDeploymentPostprocessing = 0;
		};
		FD3B6F0C2798076900A1A955 /* Sources */ = {
			isa = PBXSourcesBuildPhase;
			buildActionMask = 2147483647;
			files = (
				FD3B6F152798076900A1A955 /* HXSelectToolTests.m in Sources */,
			);
			runOnlyForDeploymentPostprocessing = 0;
		};
		FD3B6F162798076900A1A955 /* Sources */ = {
			isa = PBXSourcesBuildPhase;
			buildActionMask = 2147483647;
			files = (
				FD3B6F212798076900A1A955 /* HXSelectToolUITestsLaunchTests.m in Sources */,
				FD3B6F1F2798076900A1A955 /* HXSelectToolUITests.m in Sources */,
			);
			runOnlyForDeploymentPostprocessing = 0;
		};
/* End PBXSourcesBuildPhase section */

/* Begin PBXTargetDependency section */
		FD3B6F122798076900A1A955 /* PBXTargetDependency */ = {
			isa = PBXTargetDependency;
			target = FD3B6EF42798076800A1A955 /* HXSelectTool */;
			targetProxy = FD3B6F112798076900A1A955 /* PBXContainerItemProxy */;
		};
		FD3B6F1C2798076900A1A955 /* PBXTargetDependency */ = {
			isa = PBXTargetDependency;
			target = FD3B6EF42798076800A1A955 /* HXSelectTool */;
			targetProxy = FD3B6F1B2798076900A1A955 /* PBXContainerItemProxy */;
		};
/* End PBXTargetDependency section */

/* Begin PBXVariantGroup section */
		FD3B6F012798076800A1A955 /* Main.storyboard */ = {
			isa = PBXVariantGroup;
			children = (
				FD3B6F022798076800A1A955 /* Base */,
			);
			name = Main.storyboard;
			sourceTree = "<group>";
		};
		FD3B6F062798076900A1A955 /* LaunchScreen.storyboard */ = {
			isa = PBXVariantGroup;
			children = (
				FD3B6F072798076900A1A955 /* Base */,
			);
			name = LaunchScreen.storyboard;
			sourceTree = "<group>";
		};
/* End PBXVariantGroup section */

/* Begin XCBuildConfiguration section */
		FD3B6F222798076900A1A955 /* Debug */ = {
			isa = XCBuildConfiguration;
			buildSettings = {
				ALWAYS_SEARCH_USER_PATHS = NO;
				CLANG_ANALYZER_NONNULL = YES;
				CLANG_ANALYZER_NUMBER_OBJECT_CONVERSION = YES_AGGRESSIVE;
				CLANG_CXX_LANGUAGE_STANDARD = "gnu++17";
				CLANG_CXX_LIBRARY = "libc++";
				CLANG_ENABLE_MODULES = YES;
				CLANG_ENABLE_OBJC_ARC = YES;
				CLANG_ENABLE_OBJC_WEAK = YES;
				CLANG_WARN_BLOCK_CAPTURE_AUTORELEASING = YES;
				CLANG_WARN_BOOL_CONVERSION = YES;
				CLANG_WARN_COMMA = YES;
				CLANG_WARN_CONSTANT_CONVERSION = YES;
				CLANG_WARN_DEPRECATED_OBJC_IMPLEMENTATIONS = YES;
				CLANG_WARN_DIRECT_OBJC_ISA_USAGE = YES_ERROR;
				CLANG_WARN_DOCUMENTATION_COMMENTS = YES;
				CLANG_WARN_EMPTY_BODY = YES;
				CLANG_WARN_ENUM_CONVERSION = YES;
				CLANG_WARN_INFINITE_RECURSION = YES;
				CLANG_WARN_INT_CONVERSION = YES;
				CLANG_WARN_NON_LITERAL_NULL_CONVERSION = YES;
				CLANG_WARN_OBJC_IMPLICIT_RETAIN_SELF = YES;
				CLANG_WARN_OBJC_LITERAL_CONVERSION = YES;
				CLANG_WARN_OBJC_ROOT_CLASS = YES_ERROR;
				CLANG_WARN_QUOTED_INCLUDE_IN_FRAMEWORK_HEADER = YES;
				CLANG_WARN_RANGE_LOOP_ANALYSIS = YES;
				CLANG_WARN_STRICT_PROTOTYPES = YES;
				CLANG_WARN_SUSPICIOUS_MOVE = YES;
				CLANG_WARN_UNGUARDED_AVAILABILITY = YES_AGGRESSIVE;
				CLANG_WARN_UNREACHABLE_CODE = YES;
				CLANG_WARN__DUPLICATE_METHOD_MATCH = YES;
				COPY_PHASE_STRIP = NO;
				DEBUG_INFORMATION_FORMAT = dwarf;
				ENABLE_STRICT_OBJC_MSGSEND = YES;
				ENABLE_TESTABILITY = YES;
				GCC_C_LANGUAGE_STANDARD = gnu11;
				GCC_DYNAMIC_NO_PIC = NO;
				GCC_NO_COMMON_BLOCKS = YES;
				GCC_OPTIMIZATION_LEVEL = 0;
				GCC_PREPROCESSOR_DEFINITIONS = (
					"DEBUG=1",
					"$(inherited)",
				);
				GCC_WARN_64_TO_32_BIT_CONVERSION = YES;
				GCC_WARN_ABOUT_RETURN_TYPE = YES_ERROR;
				GCC_WARN_UNDECLARED_SELECTOR = YES;
				GCC_WARN_UNINITIALIZED_AUTOS = YES_AGGRESSIVE;
				GCC_WARN_UNUSED_FUNCTION = YES;
				GCC_WARN_UNUSED_VARIABLE = YES;
				IPHONEOS_DEPLOYMENT_TARGET = 15.0;
				MTL_ENABLE_DEBUG_INFO = INCLUDE_SOURCE;
				MTL_FAST_MATH = YES;
				ONLY_ACTIVE_ARCH = YES;
				SDKROOT = iphoneos;
			};
			name = Debug;
		};
		FD3B6F232798076900A1A955 /* Release */ = {
			isa = XCBuildConfiguration;
			buildSettings = {
				ALWAYS_SEARCH_USER_PATHS = NO;
				CLANG_ANALYZER_NONNULL = YES;
				CLANG_ANALYZER_NUMBER_OBJECT_CONVERSION = YES_AGGRESSIVE;
				CLANG_CXX_LANGUAGE_STANDARD = "gnu++17";
				CLANG_CXX_LIBRARY = "libc++";
				CLANG_ENABLE_MODULES = YES;
				CLANG_ENABLE_OBJC_ARC = YES;
				CLANG_ENABLE_OBJC_WEAK = YES;
				CLANG_WARN_BLOCK_CAPTURE_AUTORELEASING = YES;
				CLANG_WARN_BOOL_CONVERSION = YES;
				CLANG_WARN_COMMA = YES;
				CLANG_WARN_CONSTANT_CONVERSION = YES;
				CLANG_WARN_DEPRECATED_OBJC_IMPLEMENTATIONS = YES;
				CLANG_WARN_DIRECT_OBJC_ISA_USAGE = YES_ERROR;
				CLANG_WARN_DOCUMENTATION_COMMENTS = YES;
				CLANG_WARN_EMPTY_BODY = YES;
				CLANG_WARN_ENUM_CONVERSION = YES;
				CLANG_WARN_INFINITE_RECURSION = YES;
				CLANG_WARN_INT_CONVERSION = YES;
				CLANG_WARN_NON_LITERAL_NULL_CONVERSION = YES;
				CLANG_WARN_OBJC_IMPLICIT_RETAIN_SELF = YES;
				CLANG_WARN_OBJC_LITERAL_CONVERSION = YES;
				CLANG_WARN_OBJC_ROOT_CLASS = YES_ERROR;
				CLANG_WARN_QUOTED_INCLUDE_IN_FRAMEWORK_HEADER = YES;
				CLANG_WARN_RANGE_LOOP_ANALYSIS = YES;
				CLANG_WARN_STRICT_PROTOTYPES = YES;
				CLANG_WARN_SUSPICIOUS_MOVE = YES;
				CLANG_WARN_UNGUARDED_AVAILABILITY = YES_AGGRESSIVE;
				CLANG_WARN_UNREACHABLE_CODE = YES;
				CLANG_WARN__DUPLICATE_METHOD_MATCH = YES;
				COPY_PHASE_STRIP = NO;
				DEBUG_INFORMATION_FORMAT = "dwarf-with-dsym";
				ENABLE_NS_ASSERTIONS = NO;
				ENABLE_STRICT_OBJC_MSGSEND = YES;
				GCC_C_LANGUAGE_STANDARD = gnu11;
				GCC_NO_COMMON_BLOCKS = YES;
				GCC_WARN_64_TO_32_BIT_CONVERSION = YES;
				GCC_WARN_ABOUT_RETURN_TYPE = YES_ERROR;
				GCC_WARN_UNDECLARED_SELECTOR = YES;
				GCC_WARN_UNINITIALIZED_AUTOS = YES_AGGRESSIVE;
				GCC_WARN_UNUSED_FUNCTION = YES;
				GCC_WARN_UNUSED_VARIABLE = YES;
				IPHONEOS_DEPLOYMENT_TARGET = 15.0;
				MTL_ENABLE_DEBUG_INFO = NO;
				MTL_FAST_MATH = YES;
				SDKROOT = iphoneos;
				VALIDATE_PRODUCT = YES;
			};
			name = Release;
		};
		FD3B6F252798076900A1A955 /* Debug */ = {
			isa = XCBuildConfiguration;
			baseConfigurationReference = FED8DD1F8E48472E18189348 /* Pods-HXSelectTool.debug.xcconfig */;
			buildSettings = {
				ASSETCATALOG_COMPILER_APPICON_NAME = AppIcon;
				ASSETCATALOG_COMPILER_GLOBAL_ACCENT_COLOR_NAME = AccentColor;
				CODE_SIGN_STYLE = Automatic;
				CURRENT_PROJECT_VERSION = 1;
				DEVELOPMENT_TEAM = PUR4K646G5;
				GENERATE_INFOPLIST_FILE = YES;
				INFOPLIST_FILE = HXSelectTool/Info.plist;
				INFOPLIST_KEY_UIApplicationSupportsIndirectInputEvents = YES;
				INFOPLIST_KEY_UILaunchStoryboardName = LaunchScreen;
				INFOPLIST_KEY_UIMainStoryboardFile = Main;
				INFOPLIST_KEY_UISupportedInterfaceOrientations_iPad = "UIInterfaceOrientationPortrait UIInterfaceOrientationPortraitUpsideDown UIInterfaceOrientationLandscapeLeft UIInterfaceOrientationLandscapeRight";
				INFOPLIST_KEY_UISupportedInterfaceOrientations_iPhone = "UIInterfaceOrientationPortrait UIInterfaceOrientationLandscapeLeft UIInterfaceOrientationLandscapeRight";
				LD_RUNPATH_SEARCH_PATHS = (
					"$(inherited)",
					"@executable_path/Frameworks",
				);
				MARKETING_VERSION = 1.0;
				PRODUCT_BUNDLE_IDENTIFIER = com.5dmg.demo;
				PRODUCT_NAME = "$(TARGET_NAME)";
				SWIFT_EMIT_LOC_STRINGS = YES;
				TARGETED_DEVICE_FAMILY = "1,2";
			};
			name = Debug;
		};
		FD3B6F262798076900A1A955 /* Release */ = {
			isa = XCBuildConfiguration;
			baseConfigurationReference = F4F6E1765A67477B59F6BF33 /* Pods-HXSelectTool.release.xcconfig */;
			buildSettings = {
				ASSETCATALOG_COMPILER_APPICON_NAME = AppIcon;
				ASSETCATALOG_COMPILER_GLOBAL_ACCENT_COLOR_NAME = AccentColor;
				CODE_SIGN_STYLE = Automatic;
				CURRENT_PROJECT_VERSION = 1;
				DEVELOPMENT_TEAM = PUR4K646G5;
				GENERATE_INFOPLIST_FILE = YES;
				INFOPLIST_FILE = HXSelectTool/Info.plist;
				INFOPLIST_KEY_UIApplicationSupportsIndirectInputEvents = YES;
				INFOPLIST_KEY_UILaunchStoryboardName = LaunchScreen;
				INFOPLIST_KEY_UIMainStoryboardFile = Main;
				INFOPLIST_KEY_UISupportedInterfaceOrientations_iPad = "UIInterfaceOrientationPortrait UIInterfaceOrientationPortraitUpsideDown UIInterfaceOrientationLandscapeLeft UIInterfaceOrientationLandscapeRight";
				INFOPLIST_KEY_UISupportedInterfaceOrientations_iPhone = "UIInterfaceOrientationPortrait UIInterfaceOrientationLandscapeLeft UIInterfaceOrientationLandscapeRight";
				LD_RUNPATH_SEARCH_PATHS = (
					"$(inherited)",
					"@executable_path/Frameworks",
				);
				MARKETING_VERSION = 1.0;
				PRODUCT_BUNDLE_IDENTIFIER = com.5dmg.demo;
				PRODUCT_NAME = "$(TARGET_NAME)";
				SWIFT_EMIT_LOC_STRINGS = YES;
				TARGETED_DEVICE_FAMILY = "1,2";
			};
			name = Release;
		};
		FD3B6F282798076900A1A955 /* Debug */ = {
			isa = XCBuildConfiguration;
			buildSettings = {
				BUNDLE_LOADER = "$(TEST_HOST)";
				CODE_SIGN_STYLE = Automatic;
				CURRENT_PROJECT_VERSION = 1;
				DEVELOPMENT_TEAM = L6A23453T4;
				GENERATE_INFOPLIST_FILE = YES;
				IPHONEOS_DEPLOYMENT_TARGET = 15.0;
				LD_RUNPATH_SEARCH_PATHS = (
					"$(inherited)",
					"@executable_path/Frameworks",
					"@loader_path/Frameworks",
				);
				MARKETING_VERSION = 1.0;
				PRODUCT_BUNDLE_IDENTIFIER = com.sinodata.HXSelectToolTests;
				PRODUCT_NAME = "$(TARGET_NAME)";
				SWIFT_EMIT_LOC_STRINGS = NO;
				TARGETED_DEVICE_FAMILY = "1,2";
				TEST_HOST = "$(BUILT_PRODUCTS_DIR)/HXSelectTool.app/HXSelectTool";
			};
			name = Debug;
		};
		FD3B6F292798076900A1A955 /* Release */ = {
			isa = XCBuildConfiguration;
			buildSettings = {
				BUNDLE_LOADER = "$(TEST_HOST)";
				CODE_SIGN_STYLE = Automatic;
				CURRENT_PROJECT_VERSION = 1;
				DEVELOPMENT_TEAM = L6A23453T4;
				GENERATE_INFOPLIST_FILE = YES;
				IPHONEOS_DEPLOYMENT_TARGET = 15.0;
				LD_RUNPATH_SEARCH_PATHS = (
					"$(inherited)",
					"@executable_path/Frameworks",
					"@loader_path/Frameworks",
				);
				MARKETING_VERSION = 1.0;
				PRODUCT_BUNDLE_IDENTIFIER = com.sinodata.HXSelectToolTests;
				PRODUCT_NAME = "$(TARGET_NAME)";
				SWIFT_EMIT_LOC_STRINGS = NO;
				TARGETED_DEVICE_FAMILY = "1,2";
				TEST_HOST = "$(BUILT_PRODUCTS_DIR)/HXSelectTool.app/HXSelectTool";
			};
			name = Release;
		};
		FD3B6F2B2798076900A1A955 /* Debug */ = {
			isa = XCBuildConfiguration;
			buildSettings = {
				CODE_SIGN_STYLE = Automatic;
				CURRENT_PROJECT_VERSION = 1;
				DEVELOPMENT_TEAM = L6A23453T4;
				GENERATE_INFOPLIST_FILE = YES;
				LD_RUNPATH_SEARCH_PATHS = (
					"$(inherited)",
					"@executable_path/Frameworks",
					"@loader_path/Frameworks",
				);
				MARKETING_VERSION = 1.0;
				PRODUCT_BUNDLE_IDENTIFIER = com.sinodata.HXSelectToolUITests;
				PRODUCT_NAME = "$(TARGET_NAME)";
				SWIFT_EMIT_LOC_STRINGS = NO;
				TARGETED_DEVICE_FAMILY = "1,2";
				TEST_TARGET_NAME = HXSelectTool;
			};
			name = Debug;
		};
		FD3B6F2C2798076900A1A955 /* Release */ = {
			isa = XCBuildConfiguration;
			buildSettings = {
				CODE_SIGN_STYLE = Automatic;
				CURRENT_PROJECT_VERSION = 1;
				DEVELOPMENT_TEAM = L6A23453T4;
				GENERATE_INFOPLIST_FILE = YES;
				LD_RUNPATH_SEARCH_PATHS = (
					"$(inherited)",
					"@executable_path/Frameworks",
					"@loader_path/Frameworks",
				);
				MARKETING_VERSION = 1.0;
				PRODUCT_BUNDLE_IDENTIFIER = com.sinodata.HXSelectToolUITests;
				PRODUCT_NAME = "$(TARGET_NAME)";
				SWIFT_EMIT_LOC_STRINGS = NO;
				TARGETED_DEVICE_FAMILY = "1,2";
				TEST_TARGET_NAME = HXSelectTool;
			};
			name = Release;
		};
/* End XCBuildConfiguration section */

/* Begin XCConfigurationList section */
		FD3B6EF02798076800A1A955 /* Build configuration list for PBXProject "HXSelectTool" */ = {
			isa = XCConfigurationList;
			buildConfigurations = (
				FD3B6F222798076900A1A955 /* Debug */,
				FD3B6F232798076900A1A955 /* Release */,
			);
			defaultConfigurationIsVisible = 0;
			defaultConfigurationName = Release;
		};
		FD3B6F242798076900A1A955 /* Build configuration list for PBXNativeTarget "HXSelectTool" */ = {
			isa = XCConfigurationList;
			buildConfigurations = (
				FD3B6F252798076900A1A955 /* Debug */,
				FD3B6F262798076900A1A955 /* Release */,
			);
			defaultConfigurationIsVisible = 0;
			defaultConfigurationName = Release;
		};
		FD3B6F272798076900A1A955 /* Build configuration list for PBXNativeTarget "HXSelectToolTests" */ = {
			isa = XCConfigurationList;
			buildConfigurations = (
				FD3B6F282798076900A1A955 /* Debug */,
				FD3B6F292798076900A1A955 /* Release */,
			);
			defaultConfigurationIsVisible = 0;
			defaultConfigurationName = Release;
		};
		FD3B6F2A2798076900A1A955 /* Build configuration list for PBXNativeTarget "HXSelectToolUITests" */ = {
			isa = XCConfigurationList;
			buildConfigurations = (
				FD3B6F2B2798076900A1A955 /* Debug */,
				FD3B6F2C2798076900A1A955 /* Release */,
			);
			defaultConfigurationIsVisible = 0;
			defaultConfigurationName = Release;
		};
/* End XCConfigurationList section */
	};
	rootObject = FD3B6EED2798076800A1A955 /* Project object */;
}
